
Microsoft Visual Studio Solution File, Format Version 12.00
# Visual Studio Version 16
VisualStudioVersion = 16.0.31729.503
MinimumVisualStudioVersion = 10.0.40219.1
Project("{FAE04EC0-301F-11D3-BF4B-00C04F79EFBC}") = "ClientProxyForm-P5-080", "ClientProxyForm-P5-080\ClientProxyForm-P5-080.csproj", "{F4683FAA-5E53-40DB-918F-2BE55A624D78}"
EndProject
Global
	GlobalSection(SolutionConfigurationPlatforms) = preSolution
		Debug|Any CPU = Debug|Any CPU
		Release|Any CPU = Release|Any CPU
	EndGlobalSection
	GlobalSection(ProjectConfigurationPlatforms) = postSolution
		{F4683FAA-5E53-40DB-918F-2BE55A624D78}.Debug|Any CPU.ActiveCfg = Debug|Any CPU
		{F4683FAA-5E53-40DB-918F-2BE55A624D78}.Debug|Any CPU.Build.0 = Debug|Any CPU
		{F4683FAA-5E53-40DB-918F-2BE55A624D78}.Release|Any CPU.ActiveCfg = Release|Any CPU
		{F4683FAA-5E53-40DB-918F-2BE55A624D78}.Release|Any CPU.Build.0 = Release|Any CPU
	EndGlobalSection
	GlobalSection(SolutionProperties) = preSolution
		HideSolutionNode = FALSE
	EndGlobalSection
	GlobalSection(ExtensibilityGlobals) = postSolution
		SolutionGuid = {7369F3F6-D4B2-4D62-8CE2-787EB7E106FC}
	EndGlobalSection
EndGlobal
